// !$*UTF8*$!
{
	archiveVersion = 1;
	classes = {
	};
	objectVersion = 56;
	objects = {

/* Begin PBXBuildFile section */
		4A6B710A2C9B94AB007482AE /* PostsView.swift in Sources */ = {isa = PBXBuildFile; fileRef = 4A6B71092C9B94AB007482AE /* PostsView.swift */; };
		4A6B710D2C9B9514007482AE /* ProfileView.swift in Sources */ = {isa = PBXBuildFile; fileRef = 4A6B710C2C9B9514007482AE /* ProfileView.swift */; };
		4A6B71122C9BA71D007482AE /* LibraryView.swift in Sources */ = {isa = PBXBuildFile; fileRef = 4A6B71112C9BA71D007482AE /* LibraryView.swift */; };
		4AA075ED2C9C876400974959 /* Collection.swift in Sources */ = {isa = PBXBuildFile; fileRef = 4AA075EC2C9C876400974959 /* Collection.swift */; };
		4AA075EF2C9C878700974959 /* Post.swift in Sources */ = {isa = PBXBuildFile; fileRef = 4AA075EE2C9C878700974959 /* Post.swift */; };
		4AA075F12C9C879C00974959 /* Reaction.swift in Sources */ = {isa = PBXBuildFile; fileRef = 4AA075F02C9C879C00974959 /* Reaction.swift */; };
		4AA075F52C9C93E800974959 /* PostService.swift in Sources */ = {isa = PBXBuildFile; fileRef = 4AA075F42C9C93E800974959 /* PostService.swift */; };
		4AA075F72C9C99C600974959 /* dummyData.swift in Sources */ = {isa = PBXBuildFile; fileRef = 4AA075F62C9C99C600974959 /* dummyData.swift */; };
		4AA075F92C9C9D8800974959 /* CollectionService.swift in Sources */ = {isa = PBXBuildFile; fileRef = 4AA075F82C9C9D8800974959 /* CollectionService.swift */; };
		4AE1EF622C9A19F600BA2C84 /* Flash_StoryApp.swift in Sources */ = {isa = PBXBuildFile; fileRef = 4AE1EF612C9A19F600BA2C84 /* Flash_StoryApp.swift */; };
		4AE1EF662C9A19FA00BA2C84 /* Assets.xcassets in Resources */ = {isa = PBXBuildFile; fileRef = 4AE1EF652C9A19FA00BA2C84 /* Assets.xcassets */; };
		4AE1EF692C9A19FA00BA2C84 /* Preview Assets.xcassets in Resources */ = {isa = PBXBuildFile; fileRef = 4AE1EF682C9A19FA00BA2C84 /* Preview Assets.xcassets */; };
		4AE1EF732C9A19FA00BA2C84 /* Flash_StoryTests.swift in Sources */ = {isa = PBXBuildFile; fileRef = 4AE1EF722C9A19FA00BA2C84 /* Flash_StoryTests.swift */; };
		4AE1EF7D2C9A19FB00BA2C84 /* Flash_StoryUITests.swift in Sources */ = {isa = PBXBuildFile; fileRef = 4AE1EF7C2C9A19FB00BA2C84 /* Flash_StoryUITests.swift */; };
		4AE1EF7F2C9A19FB00BA2C84 /* Flash_StoryUITestsLaunchTests.swift in Sources */ = {isa = PBXBuildFile; fileRef = 4AE1EF7E2C9A19FB00BA2C84 /* Flash_StoryUITestsLaunchTests.swift */; };
		4AE1EF942C9A1EA600BA2C84 /* HomeView.swift in Sources */ = {isa = PBXBuildFile; fileRef = 4AE1EF932C9A1EA600BA2C84 /* HomeView.swift */; };
		4AE1EF962C9A29FC00BA2C84 /* ContentView.swift in Sources */ = {isa = PBXBuildFile; fileRef = 4AE1EF952C9A29FC00BA2C84 /* ContentView.swift */; };
/* End PBXBuildFile section */

/* Begin PBXContainerItemProxy section */
		4AE1EF6F2C9A19FA00BA2C84 /* PBXContainerItemProxy */ = {
			isa = PBXContainerItemProxy;
			containerPortal = 4AE1EF562C9A19F600BA2C84 /* Project object */;
			proxyType = 1;
			remoteGlobalIDString = 4AE1EF5D2C9A19F600BA2C84;
			remoteInfo = "Flash Story";
		};
		4AE1EF792C9A19FB00BA2C84 /* PBXContainerItemProxy */ = {
			isa = PBXContainerItemProxy;
			containerPortal = 4AE1EF562C9A19F600BA2C84 /* Project object */;
			proxyType = 1;
			remoteGlobalIDString = 4AE1EF5D2C9A19F600BA2C84;
			remoteInfo = "Flash Story";
		};
/* End PBXContainerItemProxy section */

/* Begin PBXFileReference section */
		4A6B71092C9B94AB007482AE /* PostsView.swift */ = {isa = PBXFileReference; lastKnownFileType = sourcecode.swift; path = PostsView.swift; sourceTree = "<group>"; };
		4A6B710C2C9B9514007482AE /* ProfileView.swift */ = {isa = PBXFileReference; lastKnownFileType = sourcecode.swift; path = ProfileView.swift; sourceTree = "<group>"; };
		4A6B71112C9BA71D007482AE /* LibraryView.swift */ = {isa = PBXFileReference; lastKnownFileType = sourcecode.swift; path = LibraryView.swift; sourceTree = "<group>"; };
		4AA075EC2C9C876400974959 /* Collection.swift */ = {isa = PBXFileReference; lastKnownFileType = sourcecode.swift; path = Collection.swift; sourceTree = "<group>"; };
		4AA075EE2C9C878700974959 /* Post.swift */ = {isa = PBXFileReference; lastKnownFileType = sourcecode.swift; path = Post.swift; sourceTree = "<group>"; };
		4AA075F02C9C879C00974959 /* Reaction.swift */ = {isa = PBXFileReference; lastKnownFileType = sourcecode.swift; path = Reaction.swift; sourceTree = "<group>"; };
		4AA075F42C9C93E800974959 /* PostService.swift */ = {isa = PBXFileReference; lastKnownFileType = sourcecode.swift; path = PostService.swift; sourceTree = "<group>"; };
		4AA075F62C9C99C600974959 /* dummyData.swift */ = {isa = PBXFileReference; lastKnownFileType = sourcecode.swift; name = dummyData.swift; path = "Flash Story/Resources/dummyData.swift"; sourceTree = SOURCE_ROOT; };
		4AA075F82C9C9D8800974959 /* CollectionService.swift */ = {isa = PBXFileReference; lastKnownFileType = sourcecode.swift; path = CollectionService.swift; sourceTree = "<group>"; };
		4AE1EF5E2C9A19F600BA2C84 /* Flash Story.app */ = {isa = PBXFileReference; explicitFileType = wrapper.application; includeInIndex = 0; path = "Flash Story.app"; sourceTree = BUILT_PRODUCTS_DIR; };
		4AE1EF612C9A19F600BA2C84 /* Flash_StoryApp.swift */ = {isa = PBXFileReference; lastKnownFileType = sourcecode.swift; path = Flash_StoryApp.swift; sourceTree = "<group>"; };
		4AE1EF652C9A19FA00BA2C84 /* Assets.xcassets */ = {isa = PBXFileReference; lastKnownFileType = folder.assetcatalog; path = Assets.xcassets; sourceTree = "<group>"; };
		4AE1EF682C9A19FA00BA2C84 /* Preview Assets.xcassets */ = {isa = PBXFileReference; lastKnownFileType = folder.assetcatalog; path = "Preview Assets.xcassets"; sourceTree = "<group>"; };
		4AE1EF6E2C9A19FA00BA2C84 /* Flash StoryTests.xctest */ = {isa = PBXFileReference; explicitFileType = wrapper.cfbundle; includeInIndex = 0; path = "Flash StoryTests.xctest"; sourceTree = BUILT_PRODUCTS_DIR; };
		4AE1EF722C9A19FA00BA2C84 /* Flash_StoryTests.swift */ = {isa = PBXFileReference; lastKnownFileType = sourcecode.swift; path = Flash_StoryTests.swift; sourceTree = "<group>"; };
		4AE1EF782C9A19FB00BA2C84 /* Flash StoryUITests.xctest */ = {isa = PBXFileReference; explicitFileType = wrapper.cfbundle; includeInIndex = 0; path = "Flash StoryUITests.xctest"; sourceTree = BUILT_PRODUCTS_DIR; };
		4AE1EF7C2C9A19FB00BA2C84 /* Flash_StoryUITests.swift */ = {isa = PBXFileReference; lastKnownFileType = sourcecode.swift; path = Flash_StoryUITests.swift; sourceTree = "<group>"; };
		4AE1EF7E2C9A19FB00BA2C84 /* Flash_StoryUITestsLaunchTests.swift */ = {isa = PBXFileReference; lastKnownFileType = sourcecode.swift; path = Flash_StoryUITestsLaunchTests.swift; sourceTree = "<group>"; };
		4AE1EF932C9A1EA600BA2C84 /* HomeView.swift */ = {isa = PBXFileReference; lastKnownFileType = sourcecode.swift; path = HomeView.swift; sourceTree = "<group>"; };
		4AE1EF952C9A29FC00BA2C84 /* ContentView.swift */ = {isa = PBXFileReference; lastKnownFileType = sourcecode.swift; path = ContentView.swift; sourceTree = "<group>"; };
/* End PBXFileReference section */

/* Begin PBXFrameworksBuildPhase section */
		4AE1EF5B2C9A19F600BA2C84 /* Frameworks */ = {
			isa = PBXFrameworksBuildPhase;
			buildActionMask = 2147483647;
			files = (
			);
			runOnlyForDeploymentPostprocessing = 0;
		};
		4AE1EF6B2C9A19FA00BA2C84 /* Frameworks */ = {
			isa = PBXFrameworksBuildPhase;
			buildActionMask = 2147483647;
			files = (
			);
			runOnlyForDeploymentPostprocessing = 0;
		};
		4AE1EF752C9A19FB00BA2C84 /* Frameworks */ = {
			isa = PBXFrameworksBuildPhase;
			buildActionMask = 2147483647;
			files = (
			);
			runOnlyForDeploymentPostprocessing = 0;
		};
/* End PBXFrameworksBuildPhase section */

/* Begin PBXGroup section */
		4A6B710B2C9B94EC007482AE /* Profile */ = {
			isa = PBXGroup;
			children = (
				4A6B710C2C9B9514007482AE /* ProfileView.swift */,
			);
			path = Profile;
			sourceTree = "<group>";
		};
		4A6B710E2C9BA6DE007482AE /* Library */ = {
			isa = PBXGroup;
			children = (
				4A6B71112C9BA71D007482AE /* LibraryView.swift */,
			);
			path = Library;
			sourceTree = "<group>";
		};
		4AB6E6CB2C9B3B6A0015FA2A /* Posts */ = {
			isa = PBXGroup;
			children = (
				4A6B71092C9B94AB007482AE /* PostsView.swift */,
			);
			path = Posts;
			sourceTree = "<group>";
		};
		4AE1EF552C9A19F600BA2C84 = {
			isa = PBXGroup;
			children = (
				4AE1EF602C9A19F600BA2C84 /* Flash Story */,
				4AE1EF712C9A19FA00BA2C84 /* Flash StoryTests */,
				4AE1EF7B2C9A19FB00BA2C84 /* Flash StoryUITests */,
				4AE1EF5F2C9A19F600BA2C84 /* Products */,
			);
			sourceTree = "<group>";
		};
		4AE1EF5F2C9A19F600BA2C84 /* Products */ = {
			isa = PBXGroup;
			children = (
				4AE1EF5E2C9A19F600BA2C84 /* Flash Story.app */,
				4AE1EF6E2C9A19FA00BA2C84 /* Flash StoryTests.xctest */,
				4AE1EF782C9A19FB00BA2C84 /* Flash StoryUITests.xctest */,
			);
			name = Products;
			sourceTree = "<group>";
		};
		4AE1EF602C9A19F600BA2C84 /* Flash Story */ = {
			isa = PBXGroup;
			children = (
				4AE1EF912C9A1CA800BA2C84 /* Resources */,
				4AE1EF902C9A1C9D00BA2C84 /* Utilities */,
				4AE1EF8F2C9A1C9300BA2C84 /* Services */,
				4AE1EF8E2C9A1C8900BA2C84 /* ViewModels */,
				4AE1EF8D2C9A1C7F00BA2C84 /* Models */,
				4AE1EF8C2C9A1C7200BA2C84 /* Views */,
				4AE1EF8B2C9A1C5700BA2C84 /* App */,
				4AE1EF672C9A19FA00BA2C84 /* Preview Content */,
			);
			path = "Flash Story";
			sourceTree = "<group>";
		};
		4AE1EF672C9A19FA00BA2C84 /* Preview Content */ = {
			isa = PBXGroup;
			children = (
				4AE1EF682C9A19FA00BA2C84 /* Preview Assets.xcassets */,
			);
			path = "Preview Content";
			sourceTree = "<group>";
		};
		4AE1EF712C9A19FA00BA2C84 /* Flash StoryTests */ = {
			isa = PBXGroup;
			children = (
				4AE1EF722C9A19FA00BA2C84 /* Flash_StoryTests.swift */,
			);
			path = "Flash StoryTests";
			sourceTree = "<group>";
		};
		4AE1EF7B2C9A19FB00BA2C84 /* Flash StoryUITests */ = {
			isa = PBXGroup;
			children = (
				4AE1EF7C2C9A19FB00BA2C84 /* Flash_StoryUITests.swift */,
				4AE1EF7E2C9A19FB00BA2C84 /* Flash_StoryUITestsLaunchTests.swift */,
			);
			path = "Flash StoryUITests";
			sourceTree = "<group>";
		};
		4AE1EF8B2C9A1C5700BA2C84 /* App */ = {
			isa = PBXGroup;
			children = (
				4AE1EF612C9A19F600BA2C84 /* Flash_StoryApp.swift */,
			);
			path = App;
			sourceTree = "<group>";
		};
		4AE1EF8C2C9A1C7200BA2C84 /* Views */ = {
			isa = PBXGroup;
			children = (
				4A6B710E2C9BA6DE007482AE /* Library */,
				4A6B710B2C9B94EC007482AE /* Profile */,
				4AB6E6CB2C9B3B6A0015FA2A /* Posts */,
				4AE1EF922C9A1D4600BA2C84 /* Home */,
				4AE1EF952C9A29FC00BA2C84 /* ContentView.swift */,
			);
			path = Views;
			sourceTree = "<group>";
		};
		4AE1EF8D2C9A1C7F00BA2C84 /* Models */ = {
			isa = PBXGroup;
			children = (
				4AA075EC2C9C876400974959 /* Collection.swift */,
				4AA075EE2C9C878700974959 /* Post.swift */,
				4AA075F02C9C879C00974959 /* Reaction.swift */,
			);
			path = Models;
			sourceTree = "<group>";
		};
		4AE1EF8E2C9A1C8900BA2C84 /* ViewModels */ = {
			isa = PBXGroup;
			children = (
			);
			path = ViewModels;
			sourceTree = "<group>";
		};
		4AE1EF8F2C9A1C9300BA2C84 /* Services */ = {
			isa = PBXGroup;
			children = (
				4AA075F42C9C93E800974959 /* PostService.swift */,
				4AA075F82C9C9D8800974959 /* CollectionService.swift */,
			);
			path = Services;
			sourceTree = "<group>";
		};
		4AE1EF902C9A1C9D00BA2C84 /* Utilities */ = {
			isa = PBXGroup;
			children = (
				4AA075F62C9C99C600974959 /* dummyData.swift */,
			);
			path = Utilities;
			sourceTree = "<group>";
		};
		4AE1EF912C9A1CA800BA2C84 /* Resources */ = {
			isa = PBXGroup;
			children = (
				4AE1EF652C9A19FA00BA2C84 /* Assets.xcassets */,
			);
			path = Resources;
			sourceTree = "<group>";
		};
		4AE1EF922C9A1D4600BA2C84 /* Home */ = {
			isa = PBXGroup;
			children = (
				4AE1EF932C9A1EA600BA2C84 /* HomeView.swift */,
			);
			path = Home;
			sourceTree = "<group>";
		};
/* End PBXGroup section */

/* Begin PBXNativeTarget section */
		4AE1EF5D2C9A19F600BA2C84 /* Flash Story */ = {
			isa = PBXNativeTarget;
			buildConfigurationList = 4AE1EF822C9A19FB00BA2C84 /* Build configuration list for PBXNativeTarget "Flash Story" */;
			buildPhases = (
				4AE1EF5A2C9A19F600BA2C84 /* Sources */,
				4AE1EF5B2C9A19F600BA2C84 /* Frameworks */,
				4AE1EF5C2C9A19F600BA2C84 /* Resources */,
			);
			buildRules = (
			);
			dependencies = (
			);
			name = "Flash Story";
			productName = "Flash Story";
			productReference = 4AE1EF5E2C9A19F600BA2C84 /* Flash Story.app */;
			productType = "com.apple.product-type.application";
		};
		4AE1EF6D2C9A19FA00BA2C84 /* Flash StoryTests */ = {
			isa = PBXNativeTarget;
			buildConfigurationList = 4AE1EF852C9A19FB00BA2C84 /* Build configuration list for PBXNativeTarget "Flash StoryTests" */;
			buildPhases = (
				4AE1EF6A2C9A19FA00BA2C84 /* Sources */,
				4AE1EF6B2C9A19FA00BA2C84 /* Frameworks */,
				4AE1EF6C2C9A19FA00BA2C84 /* Resources */,
			);
			buildRules = (
			);
			dependencies = (
				4AE1EF702C9A19FA00BA2C84 /* PBXTargetDependency */,
			);
			name = "Flash StoryTests";
			productName = "Flash StoryTests";
			productReference = 4AE1EF6E2C9A19FA00BA2C84 /* Flash StoryTests.xctest */;
			productType = "com.apple.product-type.bundle.unit-test";
		};
		4AE1EF772C9A19FB00BA2C84 /* Flash StoryUITests */ = {
			isa = PBXNativeTarget;
			buildConfigurationList = 4AE1EF882C9A19FB00BA2C84 /* Build configuration list for PBXNativeTarget "Flash StoryUITests" */;
			buildPhases = (
				4AE1EF742C9A19FB00BA2C84 /* Sources */,
				4AE1EF752C9A19FB00BA2C84 /* Frameworks */,
				4AE1EF762C9A19FB00BA2C84 /* Resources */,
			);
			buildRules = (
			);
			dependencies = (
				4AE1EF7A2C9A19FB00BA2C84 /* PBXTargetDependency */,
			);
			name = "Flash StoryUITests";
			productName = "Flash StoryUITests";
			productReference = 4AE1EF782C9A19FB00BA2C84 /* Flash StoryUITests.xctest */;
			productType = "com.apple.product-type.bundle.ui-testing";
		};
/* End PBXNativeTarget section */

/* Begin PBXProject section */
		4AE1EF562C9A19F600BA2C84 /* Project object */ = {
			isa = PBXProject;
			attributes = {
				BuildIndependentTargetsInParallel = 1;
				LastSwiftUpdateCheck = 1540;
				LastUpgradeCheck = 1540;
				TargetAttributes = {
					4AE1EF5D2C9A19F600BA2C84 = {
						CreatedOnToolsVersion = 15.4;
					};
					4AE1EF6D2C9A19FA00BA2C84 = {
						CreatedOnToolsVersion = 15.4;
						TestTargetID = 4AE1EF5D2C9A19F600BA2C84;
					};
					4AE1EF772C9A19FB00BA2C84 = {
						CreatedOnToolsVersion = 15.4;
						TestTargetID = 4AE1EF5D2C9A19F600BA2C84;
					};
				};
			};
			buildConfigurationList = 4AE1EF592C9A19F600BA2C84 /* Build configuration list for PBXProject "Flash Story" */;
			compatibilityVersion = "Xcode 14.0";
			developmentRegion = en;
			hasScannedForEncodings = 0;
			knownRegions = (
				en,
				Base,
			);
			mainGroup = 4AE1EF552C9A19F600BA2C84;
			productRefGroup = 4AE1EF5F2C9A19F600BA2C84 /* Products */;
			projectDirPath = "";
			projectRoot = "";
			targets = (
				4AE1EF5D2C9A19F600BA2C84 /* Flash Story */,
				4AE1EF6D2C9A19FA00BA2C84 /* Flash StoryTests */,
				4AE1EF772C9A19FB00BA2C84 /* Flash StoryUITests */,
			);
		};
/* End PBXProject section */

/* Begin PBXResourcesBuildPhase section */
		4AE1EF5C2C9A19F600BA2C84 /* Resources */ = {
			isa = PBXResourcesBuildPhase;
			buildActionMask = 2147483647;
			files = (
				4AE1EF692C9A19FA00BA2C84 /* Preview Assets.xcassets in Resources */,
				4AE1EF662C9A19FA00BA2C84 /* Assets.xcassets in Resources */,
			);
			runOnlyForDeploymentPostprocessing = 0;
		};
		4AE1EF6C2C9A19FA00BA2C84 /* Resources */ = {
			isa = PBXResourcesBuildPhase;
			buildActionMask = 2147483647;
			files = (
			);
			runOnlyForDeploymentPostprocessing = 0;
		};
		4AE1EF762C9A19FB00BA2C84 /* Resources */ = {
			isa = PBXResourcesBuildPhase;
			buildActionMask = 2147483647;
			files = (
			);
			runOnlyForDeploymentPostprocessing = 0;
		};
/* End PBXResourcesBuildPhase section */

/* Begin PBXSourcesBuildPhase section */
		4AE1EF5A2C9A19F600BA2C84 /* Sources */ = {
			isa = PBXSourcesBuildPhase;
			buildActionMask = 2147483647;
			files = (
				4AE1EF942C9A1EA600BA2C84 /* HomeView.swift in Sources */,
				4AA075F72C9C99C600974959 /* dummyData.swift in Sources */,
				4AA075F12C9C879C00974959 /* Reaction.swift in Sources */,
				4AA075F92C9C9D8800974959 /* CollectionService.swift in Sources */,
				4AE1EF622C9A19F600BA2C84 /* Flash_StoryApp.swift in Sources */,
				4A6B710D2C9B9514007482AE /* ProfileView.swift in Sources */,
				4AA075EF2C9C878700974959 /* Post.swift in Sources */,
				4AA075F52C9C93E800974959 /* PostService.swift in Sources */,
				4A6B710A2C9B94AB007482AE /* PostsView.swift in Sources */,
				4A6B71122C9BA71D007482AE /* LibraryView.swift in Sources */,
				4AA075ED2C9C876400974959 /* Collection.swift in Sources */,
				4AE1EF962C9A29FC00BA2C84 /* ContentView.swift in Sources */,
			);
			runOnlyForDeploymentPostprocessing = 0;
		};
		4AE1EF6A2C9A19FA00BA2C84 /* Sources */ = {
			isa = PBXSourcesBuildPhase;
			buildActionMask = 2147483647;
			files = (
				4AE1EF732C9A19FA00BA2C84 /* Flash_StoryTests.swift in Sources */,
			);
			runOnlyForDeploymentPostprocessing = 0;
		};
		4AE1EF742C9A19FB00BA2C84 /* Sources */ = {
			isa = PBXSourcesBuildPhase;
			buildActionMask = 2147483647;
			files = (
				4AE1EF7D2C9A19FB00BA2C84 /* Flash_StoryUITests.swift in Sources */,
				4AE1EF7F2C9A19FB00BA2C84 /* Flash_StoryUITestsLaunchTests.swift in Sources */,
			);
			runOnlyForDeploymentPostprocessing = 0;
		};
/* End PBXSourcesBuildPhase section */

/* Begin PBXTargetDependency section */
		4AE1EF702C9A19FA00BA2C84 /* PBXTargetDependency */ = {
			isa = PBXTargetDependency;
			target = 4AE1EF5D2C9A19F600BA2C84 /* Flash Story */;
			targetProxy = 4AE1EF6F2C9A19FA00BA2C84 /* PBXContainerItemProxy */;
		};
		4AE1EF7A2C9A19FB00BA2C84 /* PBXTargetDependency */ = {
			isa = PBXTargetDependency;
			target = 4AE1EF5D2C9A19F600BA2C84 /* Flash Story */;
			targetProxy = 4AE1EF792C9A19FB00BA2C84 /* PBXContainerItemProxy */;
		};
/* End PBXTargetDependency section */

/* Begin XCBuildConfiguration section */
		4AE1EF802C9A19FB00BA2C84 /* Debug */ = {
			isa = XCBuildConfiguration;
			buildSettings = {
				ALWAYS_SEARCH_USER_PATHS = NO;
				ASSETCATALOG_COMPILER_GENERATE_SWIFT_ASSET_SYMBOL_EXTENSIONS = YES;
				CLANG_ANALYZER_NONNULL = YES;
				CLANG_ANALYZER_NUMBER_OBJECT_CONVERSION = YES_AGGRESSIVE;
				CLANG_CXX_LANGUAGE_STANDARD = "gnu++20";
				CLANG_ENABLE_MODULES = YES;
				CLANG_ENABLE_OBJC_ARC = YES;
				CLANG_ENABLE_OBJC_WEAK = YES;
				CLANG_WARN_BLOCK_CAPTURE_AUTORELEASING = YES;
				CLANG_WARN_BOOL_CONVERSION = YES;
				CLANG_WARN_COMMA = YES;
				CLANG_WARN_CONSTANT_CONVERSION = YES;
				CLANG_WARN_DEPRECATED_OBJC_IMPLEMENTATIONS = YES;
				CLANG_WARN_DIRECT_OBJC_ISA_USAGE = YES_ERROR;
				CLANG_WARN_DOCUMENTATION_COMMENTS = YES;
				CLANG_WARN_EMPTY_BODY = YES;
				CLANG_WARN_ENUM_CONVERSION = YES;
				CLANG_WARN_INFINITE_RECURSION = YES;
				CLANG_WARN_INT_CONVERSION = YES;
				CLANG_WARN_NON_LITERAL_NULL_CONVERSION = YES;
				CLANG_WARN_OBJC_IMPLICIT_RETAIN_SELF = YES;
				CLANG_WARN_OBJC_LITERAL_CONVERSION = YES;
				CLANG_WARN_OBJC_ROOT_CLASS = YES_ERROR;
				CLANG_WARN_QUOTED_INCLUDE_IN_FRAMEWORK_HEADER = YES;
				CLANG_WARN_RANGE_LOOP_ANALYSIS = YES;
				CLANG_WARN_STRICT_PROTOTYPES = YES;
				CLANG_WARN_SUSPICIOUS_MOVE = YES;
				CLANG_WARN_UNGUARDED_AVAILABILITY = YES_AGGRESSIVE;
				CLANG_WARN_UNREACHABLE_CODE = YES;
				CLANG_WARN__DUPLICATE_METHOD_MATCH = YES;
				COPY_PHASE_STRIP = NO;
				DEBUG_INFORMATION_FORMAT = dwarf;
				ENABLE_STRICT_OBJC_MSGSEND = YES;
				ENABLE_TESTABILITY = YES;
				ENABLE_USER_SCRIPT_SANDBOXING = YES;
				GCC_C_LANGUAGE_STANDARD = gnu17;
				GCC_DYNAMIC_NO_PIC = NO;
				GCC_NO_COMMON_BLOCKS = YES;
				GCC_OPTIMIZATION_LEVEL = 0;
				GCC_PREPROCESSOR_DEFINITIONS = (
					"DEBUG=1",
					"$(inherited)",
				);
				GCC_WARN_64_TO_32_BIT_CONVERSION = YES;
				GCC_WARN_ABOUT_RETURN_TYPE = YES_ERROR;
				GCC_WARN_UNDECLARED_SELECTOR = YES;
				GCC_WARN_UNINITIALIZED_AUTOS = YES_AGGRESSIVE;
				GCC_WARN_UNUSED_FUNCTION = YES;
				GCC_WARN_UNUSED_VARIABLE = YES;
				IPHONEOS_DEPLOYMENT_TARGET = 17.5;
				LOCALIZATION_PREFERS_STRING_CATALOGS = YES;
				MTL_ENABLE_DEBUG_INFO = INCLUDE_SOURCE;
				MTL_FAST_MATH = YES;
				ONLY_ACTIVE_ARCH = YES;
				SDKROOT = iphoneos;
				SWIFT_ACTIVE_COMPILATION_CONDITIONS = "DEBUG $(inherited)";
				SWIFT_OPTIMIZATION_LEVEL = "-Onone";
			};
			name = Debug;
		};
		4AE1EF812C9A19FB00BA2C84 /* Release */ = {
			isa = XCBuildConfiguration;
			buildSettings = {
				ALWAYS_SEARCH_USER_PATHS = NO;
				ASSETCATALOG_COMPILER_GENERATE_SWIFT_ASSET_SYMBOL_EXTENSIONS = YES;
				CLANG_ANALYZER_NONNULL = YES;
				CLANG_ANALYZER_NUMBER_OBJECT_CONVERSION = YES_AGGRESSIVE;
				CLANG_CXX_LANGUAGE_STANDARD = "gnu++20";
				CLANG_ENABLE_MODULES = YES;
				CLANG_ENABLE_OBJC_ARC = YES;
				CLANG_ENABLE_OBJC_WEAK = YES;
				CLANG_WARN_BLOCK_CAPTURE_AUTORELEASING = YES;
				CLANG_WARN_BOOL_CONVERSION = YES;
				CLANG_WARN_COMMA = YES;
				CLANG_WARN_CONSTANT_CONVERSION = YES;
				CLANG_WARN_DEPRECATED_OBJC_IMPLEMENTATIONS = YES;
				CLANG_WARN_DIRECT_OBJC_ISA_USAGE = YES_ERROR;
				CLANG_WARN_DOCUMENTATION_COMMENTS = YES;
				CLANG_WARN_EMPTY_BODY = YES;
				CLANG_WARN_ENUM_CONVERSION = YES;
				CLANG_WARN_INFINITE_RECURSION = YES;
				CLANG_WARN_INT_CONVERSION = YES;
				CLANG_WARN_NON_LITERAL_NULL_CONVERSION = YES;
				CLANG_WARN_OBJC_IMPLICIT_RETAIN_SELF = YES;
				CLANG_WARN_OBJC_LITERAL_CONVERSION = YES;
				CLANG_WARN_OBJC_ROOT_CLASS = YES_ERROR;
				CLANG_WARN_QUOTED_INCLUDE_IN_FRAMEWORK_HEADER = YES;
				CLANG_WARN_RANGE_LOOP_ANALYSIS = YES;
				CLANG_WARN_STRICT_PROTOTYPES = YES;
				CLANG_WARN_SUSPICIOUS_MOVE = YES;
				CLANG_WARN_UNGUARDED_AVAILABILITY = YES_AGGRESSIVE;
				CLANG_WARN_UNREACHABLE_CODE = YES;
				CLANG_WARN__DUPLICATE_METHOD_MATCH = YES;
				COPY_PHASE_STRIP = NO;
				DEBUG_INFORMATION_FORMAT = "dwarf-with-dsym";
				ENABLE_NS_ASSERTIONS = NO;
				ENABLE_STRICT_OBJC_MSGSEND = YES;
				ENABLE_USER_SCRIPT_SANDBOXING = YES;
				GCC_C_LANGUAGE_STANDARD = gnu17;
				GCC_NO_COMMON_BLOCKS = YES;
				GCC_WARN_64_TO_32_BIT_CONVERSION = YES;
				GCC_WARN_ABOUT_RETURN_TYPE = YES_ERROR;
				GCC_WARN_UNDECLARED_SELECTOR = YES;
				GCC_WARN_UNINITIALIZED_AUTOS = YES_AGGRESSIVE;
				GCC_WARN_UNUSED_FUNCTION = YES;
				GCC_WARN_UNUSED_VARIABLE = YES;
				IPHONEOS_DEPLOYMENT_TARGET = 17.5;
				LOCALIZATION_PREFERS_STRING_CATALOGS = YES;
				MTL_ENABLE_DEBUG_INFO = NO;
				MTL_FAST_MATH = YES;
				SDKROOT = iphoneos;
				SWIFT_COMPILATION_MODE = wholemodule;
				VALIDATE_PRODUCT = YES;
			};
			name = Release;
		};
		4AE1EF832C9A19FB00BA2C84 /* Debug */ = {
			isa = XCBuildConfiguration;
			buildSettings = {
				ASSETCATALOG_COMPILER_APPICON_NAME = AppIcon;
				ASSETCATALOG_COMPILER_GLOBAL_ACCENT_COLOR_NAME = AccentColor;
				CODE_SIGN_STYLE = Automatic;
				CURRENT_PROJECT_VERSION = 1;
				DEVELOPMENT_ASSET_PATHS = "\"Flash Story/Preview Content\"";
				DEVELOPMENT_TEAM = XJBG4K3HG5;
				ENABLE_PREVIEWS = YES;
				GENERATE_INFOPLIST_FILE = YES;
				INFOPLIST_KEY_UIApplicationSceneManifest_Generation = YES;
				INFOPLIST_KEY_UIApplicationSupportsIndirectInputEvents = YES;
				INFOPLIST_KEY_UILaunchScreen_Generation = YES;
				INFOPLIST_KEY_UISupportedInterfaceOrientations_iPad = "UIInterfaceOrientationPortrait UIInterfaceOrientationPortraitUpsideDown UIInterfaceOrientationLandscapeLeft UIInterfaceOrientationLandscapeRight";
				INFOPLIST_KEY_UISupportedInterfaceOrientations_iPhone = "UIInterfaceOrientationPortrait UIInterfaceOrientationLandscapeLeft UIInterfaceOrientationLandscapeRight";
				LD_RUNPATH_SEARCH_PATHS = (
					"$(inherited)",
					"@executable_path/Frameworks",
				);
				MARKETING_VERSION = 1.0;
				PRODUCT_BUNDLE_IDENTIFIER = "com.hieu65.Flash-Story";
				PRODUCT_NAME = "$(TARGET_NAME)";
				SWIFT_EMIT_LOC_STRINGS = YES;
				SWIFT_VERSION = 5.0;
				TARGETED_DEVICE_FAMILY = "1,2";
			};
			name = Debug;
		};
		4AE1EF842C9A19FB00BA2C84 /* Release */ = {
			isa = XCBuildConfiguration;
			buildSettings = {
				ASSETCATALOG_COMPILER_APPICON_NAME = AppIcon;
				ASSETCATALOG_COMPILER_GLOBAL_ACCENT_COLOR_NAME = AccentColor;
				CODE_SIGN_STYLE = Automatic;
				CURRENT_PROJECT_VERSION = 1;
				DEVELOPMENT_ASSET_PATHS = "\"Flash Story/Preview Content\"";
				DEVELOPMENT_TEAM = XJBG4K3HG5;
				ENABLE_PREVIEWS = YES;
				GENERATE_INFOPLIST_FILE = YES;
				INFOPLIST_KEY_UIApplicationSceneManifest_Generation = YES;
				INFOPLIST_KEY_UIApplicationSupportsIndirectInputEvents = YES;
				INFOPLIST_KEY_UILaunchScreen_Generation = YES;
				INFOPLIST_KEY_UISupportedInterfaceOrientations_iPad = "UIInterfaceOrientationPortrait UIInterfaceOrientationPortraitUpsideDown UIInterfaceOrientationLandscapeLeft UIInterfaceOrientationLandscapeRight";
				INFOPLIST_KEY_UISupportedInterfaceOrientations_iPhone = "UIInterfaceOrientationPortrait UIInterfaceOrientationLandscapeLeft UIInterfaceOrientationLandscapeRight";
				LD_RUNPATH_SEARCH_PATHS = (
					"$(inherited)",
					"@executable_path/Frameworks",
				);
				MARKETING_VERSION = 1.0;
				PRODUCT_BUNDLE_IDENTIFIER = "com.hieu65.Flash-Story";
				PRODUCT_NAME = "$(TARGET_NAME)";
				SWIFT_EMIT_LOC_STRINGS = YES;
				SWIFT_VERSION = 5.0;
				TARGETED_DEVICE_FAMILY = "1,2";
			};
			name = Release;
		};
		4AE1EF862C9A19FB00BA2C84 /* Debug */ = {
			isa = XCBuildConfiguration;
			buildSettings = {
				ALWAYS_EMBED_SWIFT_STANDARD_LIBRARIES = YES;
				BUNDLE_LOADER = "$(TEST_HOST)";
				CODE_SIGN_STYLE = Automatic;
				CURRENT_PROJECT_VERSION = 1;
				DEVELOPMENT_TEAM = XJBG4K3HG5;
				GENERATE_INFOPLIST_FILE = YES;
				IPHONEOS_DEPLOYMENT_TARGET = 17.5;
				MARKETING_VERSION = 1.0;
				PRODUCT_BUNDLE_IDENTIFIER = "com.hieu65.Flash-StoryTests";
				PRODUCT_NAME = "$(TARGET_NAME)";
				SWIFT_EMIT_LOC_STRINGS = NO;
				SWIFT_VERSION = 5.0;
				TARGETED_DEVICE_FAMILY = "1,2";
				TEST_HOST = "$(BUILT_PRODUCTS_DIR)/Flash Story.app/$(BUNDLE_EXECUTABLE_FOLDER_PATH)/Flash Story";
			};
			name = Debug;
		};
		4AE1EF872C9A19FB00BA2C84 /* Release */ = {
			isa = XCBuildConfiguration;
			buildSettings = {
				ALWAYS_EMBED_SWIFT_STANDARD_LIBRARIES = YES;
				BUNDLE_LOADER = "$(TEST_HOST)";
				CODE_SIGN_STYLE = Automatic;
				CURRENT_PROJECT_VERSION = 1;
				DEVELOPMENT_TEAM = XJBG4K3HG5;
				GENERATE_INFOPLIST_FILE = YES;
				IPHONEOS_DEPLOYMENT_TARGET = 17.5;
				MARKETING_VERSION = 1.0;
				PRODUCT_BUNDLE_IDENTIFIER = "com.hieu65.Flash-StoryTests";
				PRODUCT_NAME = "$(TARGET_NAME)";
				SWIFT_EMIT_LOC_STRINGS = NO;
				SWIFT_VERSION = 5.0;
				TARGETED_DEVICE_FAMILY = "1,2";
				TEST_HOST = "$(BUILT_PRODUCTS_DIR)/Flash Story.app/$(BUNDLE_EXECUTABLE_FOLDER_PATH)/Flash Story";
			};
			name = Release;
		};
		4AE1EF892C9A19FB00BA2C84 /* Debug */ = {
			isa = XCBuildConfiguration;
			buildSettings = {
				ALWAYS_EMBED_SWIFT_STANDARD_LIBRARIES = YES;
				CODE_SIGN_STYLE = Automatic;
				CURRENT_PROJECT_VERSION = 1;
				DEVELOPMENT_TEAM = XJBG4K3HG5;
				GENERATE_INFOPLIST_FILE = YES;
				MARKETING_VERSION = 1.0;
				PRODUCT_BUNDLE_IDENTIFIER = "com.hieu65.Flash-StoryUITests";
				PRODUCT_NAME = "$(TARGET_NAME)";
				SWIFT_EMIT_LOC_STRINGS = NO;
				SWIFT_VERSION = 5.0;
				TARGETED_DEVICE_FAMILY = "1,2";
				TEST_TARGET_NAME = "Flash Story";
			};
			name = Debug;
		};
		4AE1EF8A2C9A19FB00BA2C84 /* Release */ = {
			isa = XCBuildConfiguration;
			buildSettings = {
				ALWAYS_EMBED_SWIFT_STANDARD_LIBRARIES = YES;
				CODE_SIGN_STYLE = Automatic;
				CURRENT_PROJECT_VERSION = 1;
				DEVELOPMENT_TEAM = XJBG4K3HG5;
				GENERATE_INFOPLIST_FILE = YES;
				MARKETING_VERSION = 1.0;
				PRODUCT_BUNDLE_IDENTIFIER = "com.hieu65.Flash-StoryUITests";
				PRODUCT_NAME = "$(TARGET_NAME)";
				SWIFT_EMIT_LOC_STRINGS = NO;
				SWIFT_VERSION = 5.0;
				TARGETED_DEVICE_FAMILY = "1,2";
				TEST_TARGET_NAME = "Flash Story";
			};
			name = Release;
		};
/* End XCBuildConfiguration section */

/* Begin XCConfigurationList section */
		4AE1EF592C9A19F600BA2C84 /* Build configuration list for PBXProject "Flash Story" */ = {
			isa = XCConfigurationList;
			buildConfigurations = (
				4AE1EF802C9A19FB00BA2C84 /* Debug */,
				4AE1EF812C9A19FB00BA2C84 /* Release */,
			);
			defaultConfigurationIsVisible = 0;
			defaultConfigurationName = Release;
		};
		4AE1EF822C9A19FB00BA2C84 /* Build configuration list for PBXNativeTarget "Flash Story" */ = {
			isa = XCConfigurationList;
			buildConfigurations = (
				4AE1EF832C9A19FB00BA2C84 /* Debug */,
				4AE1EF842C9A19FB00BA2C84 /* Release */,
			);
			defaultConfigurationIsVisible = 0;
			defaultConfigurationName = Release;
		};
		4AE1EF852C9A19FB00BA2C84 /* Build configuration list for PBXNativeTarget "Flash StoryTests" */ = {
			isa = XCConfigurationList;
			buildConfigurations = (
				4AE1EF862C9A19FB00BA2C84 /* Debug */,
				4AE1EF872C9A19FB00BA2C84 /* Release */,
			);
			defaultConfigurationIsVisible = 0;
			defaultConfigurationName = Release;
		};
		4AE1EF882C9A19FB00BA2C84 /* Build configuration list for PBXNativeTarget "Flash StoryUITests" */ = {
			isa = XCConfigurationList;
			buildConfigurations = (
				4AE1EF892C9A19FB00BA2C84 /* Debug */,
				4AE1EF8A2C9A19FB00BA2C84 /* Release */,
			);
			defaultConfigurationIsVisible = 0;
			defaultConfigurationName = Release;
		};
/* End XCConfigurationList section */
	};
	rootObject = 4AE1EF562C9A19F600BA2C84 /* Project object */;
}
